
Microsoft Visual Studio Solution File, Format Version 12.00
# Visual Studio Version 17
VisualStudioVersion = 17.8.34601.278
MinimumVisualStudioVersion = 10.0.40219.1
Project("{FAE04EC0-301F-11D3-BF4B-00C04F79EFBC}") = "MiniPaint", "MiniPaint\MiniPaint.csproj", "{B1A27163-2E87-48C9-B223-1A9855748626}"
EndProject
Global
	GlobalSection(SolutionConfigurationPlatforms) = preSolution
		Debug|Any CPU = Debug|Any CPU
		Release|Any CPU = Release|Any CPU
	EndGlobalSection
	GlobalSection(ProjectConfigurationPlatforms) = postSolution
		{B1A27163-2E87-48C9-B223-1A9855748626}.Debug|Any CPU.ActiveCfg = Debug|Any CPU
		{B1A27163-2E87-48C9-B223-1A9855748626}.Debug|Any CPU.Build.0 = Debug|Any CPU
		{B1A27163-2E87-48C9-B223-1A9855748626}.Release|Any CPU.ActiveCfg = Release|Any CPU
		{B1A27163-2E87-48C9-B223-1A9855748626}.Release|Any CPU.Build.0 = Release|Any CPU
	EndGlobalSection
	GlobalSection(SolutionProperties) = preSolution
		HideSolutionNode = FALSE
	EndGlobalSection
	GlobalSection(ExtensibilityGlobals) = postSolution
		SolutionGuid = {AAEBA065-1524-4245-A187-3808BE09FFED}
	EndGlobalSection
EndGlobal
